
Microsoft Visual Studio Solution File, Format Version 12.00
# Visual Studio Version 17
VisualStudioVersion = 17.10.35027.167
MinimumVisualStudioVersion = 10.0.40219.1
Project("{FAE04EC0-301F-11D3-BF4B-00C04F79EFBC}") = "Football", "Football\Football.csproj", "{8879B379-981A-4A0C-BB0E-67382787016F}"
EndProject
Global
	GlobalSection(SolutionConfigurationPlatforms) = preSolution
		Debug|Any CPU = Debug|Any CPU
		Release|Any CPU = Release|Any CPU
	EndGlobalSection
	GlobalSection(ProjectConfigurationPlatforms) = postSolution
		{8879B379-981A-4A0C-BB0E-67382787016F}.Debug|Any CPU.ActiveCfg = Debug|Any CPU
		{8879B379-981A-4A0C-BB0E-67382787016F}.Debug|Any CPU.Build.0 = Debug|Any CPU
		{8879B379-981A-4A0C-BB0E-67382787016F}.Release|Any CPU.ActiveCfg = Release|Any CPU
		{8879B379-981A-4A0C-BB0E-67382787016F}.Release|Any CPU.Build.0 = Release|Any CPU
	EndGlobalSection
	GlobalSection(SolutionProperties) = preSolution
		HideSolutionNode = FALSE
	EndGlobalSection
	GlobalSection(ExtensibilityGlobals) = postSolution
		SolutionGuid = {54C310E2-325D-4424-90CA-990DCFE06128}
	EndGlobalSection
EndGlobal
